Microsoft Visual Studio Solution File, Format Version 10.00
# Visual Studio 2008
Project("{8BC9CEB8-8B4A-11D0-8D11-00A0C91BC942}") = "ALL_BUILD", "ALL_BUILD.vcproj", "{D17834CF-E433-443C-8AFB-8922732BF9D5}"
	ProjectSection(ProjectDependencies) = postProject
		{E815C9D4-4010-4237-BF5E-E6C233F98D01} = {E815C9D4-4010-4237-BF5E-E6C233F98D01}
		{81F0846B-AFAE-4FBE-B5C6-55B2A1A0C746} = {81F0846B-AFAE-4FBE-B5C6-55B2A1A0C746}
		{4E35E943-7C6A-4FC7-9985-B12327AFAFDC} = {4E35E943-7C6A-4FC7-9985-B12327AFAFDC}
	EndProjectSection
EndProject
Project("{8BC9CEB8-8B4A-11D0-8D11-00A0C91BC942}") = "INSTALL", "INSTALL.vcproj", "{63B8AFAC-4A95-46EC-9F0A-A7085D11A8C4}"
	ProjectSection(ProjectDependencies) = postProject
		{D17834CF-E433-443C-8AFB-8922732BF9D5} = {D17834CF-E433-443C-8AFB-8922732BF9D5}
	EndProjectSection
EndProject
Project("{8BC9CEB8-8B4A-11D0-8D11-00A0C91BC942}") = "IlmImf", "..\..\3rdparty\openexr\IlmImf.vcproj", "{1A3D9C6D-C9D2-47D8-A857-42122D146CCF}"
	ProjectSection(ProjectDependencies) = postProject
		{377E597C-137D-4A4E-8830-12A5529A67C6} = {377E597C-137D-4A4E-8830-12A5529A67C6}
		{69D11BED-94C3-4857-B30F-38539E9B991A} = {69D11BED-94C3-4857-B30F-38539E9B991A}
	EndProjectSection
EndProject
Project("{8BC9CEB8-8B4A-11D0-8D11-00A0C91BC942}") = "PACKAGE", "PACKAGE.vcproj", "{2C15CC56-4BE9-4D7C-B49A-0E8F47C21182}"
	ProjectSection(ProjectDependencies) = postProject
		{D17834CF-E433-443C-8AFB-8922732BF9D5} = {D17834CF-E433-443C-8AFB-8922732BF9D5}
	EndProjectSection
EndProject
Project("{8BC9CEB8-8B4A-11D0-8D11-00A0C91BC942}") = "ZERO_CHECK", "..\..\\ZERO_CHECK.vcproj", "{377E597C-137D-4A4E-8830-12A5529A67C6}"
	ProjectSection(ProjectDependencies) = postProject
	EndProjectSection
EndProject
Project("{8BC9CEB8-8B4A-11D0-8D11-00A0C91BC942}") = "libjasper", "..\..\3rdparty\libjasper\libjasper.vcproj", "{79B1195B-15C1-4009-ADE5-29049196AE41}"
	ProjectSection(ProjectDependencies) = postProject
		{377E597C-137D-4A4E-8830-12A5529A67C6} = {377E597C-137D-4A4E-8830-12A5529A67C6}
	EndProjectSection
EndProject
Project("{8BC9CEB8-8B4A-11D0-8D11-00A0C91BC942}") = "libjpeg", "..\..\3rdparty\libjpeg\libjpeg.vcproj", "{B4E69D3F-579D-47C7-9003-4D84D8886AE7}"
	ProjectSection(ProjectDependencies) = postProject
		{377E597C-137D-4A4E-8830-12A5529A67C6} = {377E597C-137D-4A4E-8830-12A5529A67C6}
	EndProjectSection
EndProject
Project("{8BC9CEB8-8B4A-11D0-8D11-00A0C91BC942}") = "libpng", "..\..\3rdparty\libpng\libpng.vcproj", "{64DD4DAA-91CC-44AF-A7EF-32236BDB6AF7}"
	ProjectSection(ProjectDependencies) = postProject
		{377E597C-137D-4A4E-8830-12A5529A67C6} = {377E597C-137D-4A4E-8830-12A5529A67C6}
		{69D11BED-94C3-4857-B30F-38539E9B991A} = {69D11BED-94C3-4857-B30F-38539E9B991A}
	EndProjectSection
EndProject
Project("{8BC9CEB8-8B4A-11D0-8D11-00A0C91BC942}") = "libtiff", "..\..\3rdparty\libtiff\libtiff.vcproj", "{91F5CCB6-9FB1-4068-AA72-B620560C9F73}"
	ProjectSection(ProjectDependencies) = postProject
		{377E597C-137D-4A4E-8830-12A5529A67C6} = {377E597C-137D-4A4E-8830-12A5529A67C6}
		{69D11BED-94C3-4857-B30F-38539E9B991A} = {69D11BED-94C3-4857-B30F-38539E9B991A}
	EndProjectSection
EndProject
Project("{8BC9CEB8-8B4A-11D0-8D11-00A0C91BC942}") = "opencv_core", "..\core\opencv_core.vcproj", "{D497DFFD-401D-4843-BE15-711109252F89}"
	ProjectSection(ProjectDependencies) = postProject
		{377E597C-137D-4A4E-8830-12A5529A67C6} = {377E597C-137D-4A4E-8830-12A5529A67C6}
		{69D11BED-94C3-4857-B30F-38539E9B991A} = {69D11BED-94C3-4857-B30F-38539E9B991A}
	EndProjectSection
EndProject
Project("{8BC9CEB8-8B4A-11D0-8D11-00A0C91BC942}") = "opencv_features2d", "..\features2d\opencv_features2d.vcproj", "{1160048D-D824-4C60-92D3-3B9EF262EFAC}"
	ProjectSection(ProjectDependencies) = postProject
		{377E597C-137D-4A4E-8830-12A5529A67C6} = {377E597C-137D-4A4E-8830-12A5529A67C6}
		{D497DFFD-401D-4843-BE15-711109252F89} = {D497DFFD-401D-4843-BE15-711109252F89}
		{511E8AA1-5956-4C15-9045-E8FE4E3C4593} = {511E8AA1-5956-4C15-9045-E8FE4E3C4593}
		{E815C9D4-4010-4237-BF5E-E6C233F98D01} = {E815C9D4-4010-4237-BF5E-E6C233F98D01}
		{3EBFED2C-97B6-4FA4-BB27-8CA7E2F72637} = {3EBFED2C-97B6-4FA4-BB27-8CA7E2F72637}
	EndProjectSection
EndProject
Project("{8BC9CEB8-8B4A-11D0-8D11-00A0C91BC942}") = "opencv_flann", "..\flann\opencv_flann.vcproj", "{511E8AA1-5956-4C15-9045-E8FE4E3C4593}"
	ProjectSection(ProjectDependencies) = postProject
		{377E597C-137D-4A4E-8830-12A5529A67C6} = {377E597C-137D-4A4E-8830-12A5529A67C6}
		{D497DFFD-401D-4843-BE15-711109252F89} = {D497DFFD-401D-4843-BE15-711109252F89}
	EndProjectSection
EndProject
Project("{8BC9CEB8-8B4A-11D0-8D11-00A0C91BC942}") = "opencv_highgui", "opencv_highgui.vcproj", "{E815C9D4-4010-4237-BF5E-E6C233F98D01}"
	ProjectSection(ProjectDependencies) = postProject
		{1A3D9C6D-C9D2-47D8-A857-42122D146CCF} = {1A3D9C6D-C9D2-47D8-A857-42122D146CCF}
		{377E597C-137D-4A4E-8830-12A5529A67C6} = {377E597C-137D-4A4E-8830-12A5529A67C6}
		{79B1195B-15C1-4009-ADE5-29049196AE41} = {79B1195B-15C1-4009-ADE5-29049196AE41}
		{B4E69D3F-579D-47C7-9003-4D84D8886AE7} = {B4E69D3F-579D-47C7-9003-4D84D8886AE7}
		{64DD4DAA-91CC-44AF-A7EF-32236BDB6AF7} = {64DD4DAA-91CC-44AF-A7EF-32236BDB6AF7}
		{91F5CCB6-9FB1-4068-AA72-B620560C9F73} = {91F5CCB6-9FB1-4068-AA72-B620560C9F73}
		{D497DFFD-401D-4843-BE15-711109252F89} = {D497DFFD-401D-4843-BE15-711109252F89}
		{3EBFED2C-97B6-4FA4-BB27-8CA7E2F72637} = {3EBFED2C-97B6-4FA4-BB27-8CA7E2F72637}
		{69D11BED-94C3-4857-B30F-38539E9B991A} = {69D11BED-94C3-4857-B30F-38539E9B991A}
	EndProjectSection
EndProject
Project("{8BC9CEB8-8B4A-11D0-8D11-00A0C91BC942}") = "opencv_imgproc", "..\imgproc\opencv_imgproc.vcproj", "{3EBFED2C-97B6-4FA4-BB27-8CA7E2F72637}"
	ProjectSection(ProjectDependencies) = postProject
		{377E597C-137D-4A4E-8830-12A5529A67C6} = {377E597C-137D-4A4E-8830-12A5529A67C6}
		{D497DFFD-401D-4843-BE15-711109252F89} = {D497DFFD-401D-4843-BE15-711109252F89}
	EndProjectSection
EndProject
Project("{8BC9CEB8-8B4A-11D0-8D11-00A0C91BC942}") = "opencv_perf_highgui", "opencv_perf_highgui.vcproj", "{81F0846B-AFAE-4FBE-B5C6-55B2A1A0C746}"
	ProjectSection(ProjectDependencies) = postProject
		{377E597C-137D-4A4E-8830-12A5529A67C6} = {377E597C-137D-4A4E-8830-12A5529A67C6}
		{D497DFFD-401D-4843-BE15-711109252F89} = {D497DFFD-401D-4843-BE15-711109252F89}
		{1160048D-D824-4C60-92D3-3B9EF262EFAC} = {1160048D-D824-4C60-92D3-3B9EF262EFAC}
		{511E8AA1-5956-4C15-9045-E8FE4E3C4593} = {511E8AA1-5956-4C15-9045-E8FE4E3C4593}
		{E815C9D4-4010-4237-BF5E-E6C233F98D01} = {E815C9D4-4010-4237-BF5E-E6C233F98D01}
		{3EBFED2C-97B6-4FA4-BB27-8CA7E2F72637} = {3EBFED2C-97B6-4FA4-BB27-8CA7E2F72637}
		{16FE6095-72F2-464B-8D6D-AACABAE27FFE} = {16FE6095-72F2-464B-8D6D-AACABAE27FFE}
	EndProjectSection
EndProject
Project("{8BC9CEB8-8B4A-11D0-8D11-00A0C91BC942}") = "opencv_test_highgui", "opencv_test_highgui.vcproj", "{4E35E943-7C6A-4FC7-9985-B12327AFAFDC}"
	ProjectSection(ProjectDependencies) = postProject
		{377E597C-137D-4A4E-8830-12A5529A67C6} = {377E597C-137D-4A4E-8830-12A5529A67C6}
		{D497DFFD-401D-4843-BE15-711109252F89} = {D497DFFD-401D-4843-BE15-711109252F89}
		{1160048D-D824-4C60-92D3-3B9EF262EFAC} = {1160048D-D824-4C60-92D3-3B9EF262EFAC}
		{511E8AA1-5956-4C15-9045-E8FE4E3C4593} = {511E8AA1-5956-4C15-9045-E8FE4E3C4593}
		{E815C9D4-4010-4237-BF5E-E6C233F98D01} = {E815C9D4-4010-4237-BF5E-E6C233F98D01}
		{3EBFED2C-97B6-4FA4-BB27-8CA7E2F72637} = {3EBFED2C-97B6-4FA4-BB27-8CA7E2F72637}
		{16FE6095-72F2-464B-8D6D-AACABAE27FFE} = {16FE6095-72F2-464B-8D6D-AACABAE27FFE}
	EndProjectSection
EndProject
Project("{8BC9CEB8-8B4A-11D0-8D11-00A0C91BC942}") = "opencv_ts", "..\ts\opencv_ts.vcproj", "{16FE6095-72F2-464B-8D6D-AACABAE27FFE}"
	ProjectSection(ProjectDependencies) = postProject
		{377E597C-137D-4A4E-8830-12A5529A67C6} = {377E597C-137D-4A4E-8830-12A5529A67C6}
		{D497DFFD-401D-4843-BE15-711109252F89} = {D497DFFD-401D-4843-BE15-711109252F89}
		{1160048D-D824-4C60-92D3-3B9EF262EFAC} = {1160048D-D824-4C60-92D3-3B9EF262EFAC}
		{511E8AA1-5956-4C15-9045-E8FE4E3C4593} = {511E8AA1-5956-4C15-9045-E8FE4E3C4593}
		{E815C9D4-4010-4237-BF5E-E6C233F98D01} = {E815C9D4-4010-4237-BF5E-E6C233F98D01}
		{3EBFED2C-97B6-4FA4-BB27-8CA7E2F72637} = {3EBFED2C-97B6-4FA4-BB27-8CA7E2F72637}
	EndProjectSection
EndProject
Project("{8BC9CEB8-8B4A-11D0-8D11-00A0C91BC942}") = "zlib", "..\..\3rdparty\zlib\zlib.vcproj", "{69D11BED-94C3-4857-B30F-38539E9B991A}"
	ProjectSection(ProjectDependencies) = postProject
		{377E597C-137D-4A4E-8830-12A5529A67C6} = {377E597C-137D-4A4E-8830-12A5529A67C6}
	EndProjectSection
EndProject
Project("{2150E333-8FDC-42A3-9474-1A3956D46DE8}") = "3rdparty", "3rdparty", "{3B3D7C4A-1E72-4B6A-B07F-1EC0B44F5BA3}"
EndProject
Project("{2150E333-8FDC-42A3-9474-1A3956D46DE8}") = "CMakeTargets", "CMakeTargets", "{3503B104-4D53-4E61-8089-7F7D26C5750D}"
EndProject
Project("{2150E333-8FDC-42A3-9474-1A3956D46DE8}") = "modules", "modules", "{B4F2E922-03E2-4C9A-BA07-D1DB0BDC777F}"
EndProject
Project("{2150E333-8FDC-42A3-9474-1A3956D46DE8}") = "tests accuracy", "tests accuracy", "{AAA5C038-98BA-48AC-86E7-EFBB29FF0E2F}"
EndProject
Project("{2150E333-8FDC-42A3-9474-1A3956D46DE8}") = "tests performance", "tests performance", "{B89CA5AC-3B77-4509-9B80-E2EA443131C9}"
EndProject
Global
	GlobalSection(SolutionConfigurationPlatforms) = preSolution
		Debug|Win32 = Debug|Win32
		Release|Win32 = Release|Win32
	EndGlobalSection
	GlobalSection(ProjectConfigurationPlatforms) = postSolution
		{D17834CF-E433-443C-8AFB-8922732BF9D5}.Debug|Win32.ActiveCfg = Debug|Win32
		{D17834CF-E433-443C-8AFB-8922732BF9D5}.Debug|Win32.Build.0 = Debug|Win32
		{D17834CF-E433-443C-8AFB-8922732BF9D5}.Release|Win32.ActiveCfg = Release|Win32
		{D17834CF-E433-443C-8AFB-8922732BF9D5}.Release|Win32.Build.0 = Release|Win32
		{63B8AFAC-4A95-46EC-9F0A-A7085D11A8C4}.Debug|Win32.ActiveCfg = Debug|Win32
		{63B8AFAC-4A95-46EC-9F0A-A7085D11A8C4}.Release|Win32.ActiveCfg = Release|Win32
		{1A3D9C6D-C9D2-47D8-A857-42122D146CCF}.Debug|Win32.ActiveCfg = Debug|Win32
		{1A3D9C6D-C9D2-47D8-A857-42122D146CCF}.Debug|Win32.Build.0 = Debug|Win32
		{1A3D9C6D-C9D2-47D8-A857-42122D146CCF}.Release|Win32.ActiveCfg = Release|Win32
		{1A3D9C6D-C9D2-47D8-A857-42122D146CCF}.Release|Win32.Build.0 = Release|Win32
		{2C15CC56-4BE9-4D7C-B49A-0E8F47C21182}.Debug|Win32.ActiveCfg = Debug|Win32
		{2C15CC56-4BE9-4D7C-B49A-0E8F47C21182}.Release|Win32.ActiveCfg = Release|Win32
		{377E597C-137D-4A4E-8830-12A5529A67C6}.Debug|Win32.ActiveCfg = Debug|Win32
		{377E597C-137D-4A4E-8830-12A5529A67C6}.Debug|Win32.Build.0 = Debug|Win32
		{377E597C-137D-4A4E-8830-12A5529A67C6}.Release|Win32.ActiveCfg = Release|Win32
		{377E597C-137D-4A4E-8830-12A5529A67C6}.Release|Win32.Build.0 = Release|Win32
		{79B1195B-15C1-4009-ADE5-29049196AE41}.Debug|Win32.ActiveCfg = Debug|Win32
		{79B1195B-15C1-4009-ADE5-29049196AE41}.Debug|Win32.Build.0 = Debug|Win32
		{79B1195B-15C1-4009-ADE5-29049196AE41}.Release|Win32.ActiveCfg = Release|Win32
		{79B1195B-15C1-4009-ADE5-29049196AE41}.Release|Win32.Build.0 = Release|Win32
		{B4E69D3F-579D-47C7-9003-4D84D8886AE7}.Debug|Win32.ActiveCfg = Debug|Win32
		{B4E69D3F-579D-47C7-9003-4D84D8886AE7}.Debug|Win32.Build.0 = Debug|Win32
		{B4E69D3F-579D-47C7-9003-4D84D8886AE7}.Release|Win32.ActiveCfg = Release|Win32
		{B4E69D3F-579D-47C7-9003-4D84D8886AE7}.Release|Win32.Build.0 = Release|Win32
		{64DD4DAA-91CC-44AF-A7EF-32236BDB6AF7}.Debug|Win32.ActiveCfg = Debug|Win32
		{64DD4DAA-91CC-44AF-A7EF-32236BDB6AF7}.Debug|Win32.Build.0 = Debug|Win32
		{64DD4DAA-91CC-44AF-A7EF-32236BDB6AF7}.Release|Win32.ActiveCfg = Release|Win32
		{64DD4DAA-91CC-44AF-A7EF-32236BDB6AF7}.Release|Win32.Build.0 = Release|Win32
		{91F5CCB6-9FB1-4068-AA72-B620560C9F73}.Debug|Win32.ActiveCfg = Debug|Win32
		{91F5CCB6-9FB1-4068-AA72-B620560C9F73}.Debug|Win32.Build.0 = Debug|Win32
		{91F5CCB6-9FB1-4068-AA72-B620560C9F73}.Release|Win32.ActiveCfg = Release|Win32
		{91F5CCB6-9FB1-4068-AA72-B620560C9F73}.Release|Win32.Build.0 = Release|Win32
		{D497DFFD-401D-4843-BE15-711109252F89}.Debug|Win32.ActiveCfg = Debug|Win32
		{D497DFFD-401D-4843-BE15-711109252F89}.Debug|Win32.Build.0 = Debug|Win32
		{D497DFFD-401D-4843-BE15-711109252F89}.Release|Win32.ActiveCfg = Release|Win32
		{D497DFFD-401D-4843-BE15-711109252F89}.Release|Win32.Build.0 = Release|Win32
		{1160048D-D824-4C60-92D3-3B9EF262EFAC}.Debug|Win32.ActiveCfg = Debug|Win32
		{1160048D-D824-4C60-92D3-3B9EF262EFAC}.Debug|Win32.Build.0 = Debug|Win32
		{1160048D-D824-4C60-92D3-3B9EF262EFAC}.Release|Win32.ActiveCfg = Release|Win32
		{1160048D-D824-4C60-92D3-3B9EF262EFAC}.Release|Win32.Build.0 = Release|Win32
		{511E8AA1-5956-4C15-9045-E8FE4E3C4593}.Debug|Win32.ActiveCfg = Debug|Win32
		{511E8AA1-5956-4C15-9045-E8FE4E3C4593}.Debug|Win32.Build.0 = Debug|Win32
		{511E8AA1-5956-4C15-9045-E8FE4E3C4593}.Release|Win32.ActiveCfg = Release|Win32
		{511E8AA1-5956-4C15-9045-E8FE4E3C4593}.Release|Win32.Build.0 = Release|Win32
		{E815C9D4-4010-4237-BF5E-E6C233F98D01}.Debug|Win32.ActiveCfg = Debug|Win32
		{E815C9D4-4010-4237-BF5E-E6C233F98D01}.Debug|Win32.Build.0 = Debug|Win32
		{E815C9D4-4010-4237-BF5E-E6C233F98D01}.Release|Win32.ActiveCfg = Release|Win32
		{E815C9D4-4010-4237-BF5E-E6C233F98D01}.Release|Win32.Build.0 = Release|Win32
		{3EBFED2C-97B6-4FA4-BB27-8CA7E2F72637}.Debug|Win32.ActiveCfg = Debug|Win32
		{3EBFED2C-97B6-4FA4-BB27-8CA7E2F72637}.Debug|Win32.Build.0 = Debug|Win32
		{3EBFED2C-97B6-4FA4-BB27-8CA7E2F72637}.Release|Win32.ActiveCfg = Release|Win32
		{3EBFED2C-97B6-4FA4-BB27-8CA7E2F72637}.Release|Win32.Build.0 = Release|Win32
		{81F0846B-AFAE-4FBE-B5C6-55B2A1A0C746}.Debug|Win32.ActiveCfg = Debug|Win32
		{81F0846B-AFAE-4FBE-B5C6-55B2A1A0C746}.Debug|Win32.Build.0 = Debug|Win32
		{81F0846B-AFAE-4FBE-B5C6-55B2A1A0C746}.Release|Win32.ActiveCfg = Release|Win32
		{81F0846B-AFAE-4FBE-B5C6-55B2A1A0C746}.Release|Win32.Build.0 = Release|Win32
		{4E35E943-7C6A-4FC7-9985-B12327AFAFDC}.Debug|Win32.ActiveCfg = Debug|Win32
		{4E35E943-7C6A-4FC7-9985-B12327AFAFDC}.Debug|Win32.Build.0 = Debug|Win32
		{4E35E943-7C6A-4FC7-9985-B12327AFAFDC}.Release|Win32.ActiveCfg = Release|Win32
		{4E35E943-7C6A-4FC7-9985-B12327AFAFDC}.Release|Win32.Build.0 = Release|Win32
		{16FE6095-72F2-464B-8D6D-AACABAE27FFE}.Debug|Win32.ActiveCfg = Debug|Win32
		{16FE6095-72F2-464B-8D6D-AACABAE27FFE}.Debug|Win32.Build.0 = Debug|Win32
		{16FE6095-72F2-464B-8D6D-AACABAE27FFE}.Release|Win32.ActiveCfg = Release|Win32
		{16FE6095-72F2-464B-8D6D-AACABAE27FFE}.Release|Win32.Build.0 = Release|Win32
		{69D11BED-94C3-4857-B30F-38539E9B991A}.Debug|Win32.ActiveCfg = Debug|Win32
		{69D11BED-94C3-4857-B30F-38539E9B991A}.Debug|Win32.Build.0 = Debug|Win32
		{69D11BED-94C3-4857-B30F-38539E9B991A}.Release|Win32.ActiveCfg = Release|Win32
		{69D11BED-94C3-4857-B30F-38539E9B991A}.Release|Win32.Build.0 = Release|Win32
	EndGlobalSection
	GlobalSection(NestedProjects) = preSolution
		{1A3D9C6D-C9D2-47D8-A857-42122D146CCF} = {3B3D7C4A-1E72-4B6A-B07F-1EC0B44F5BA3}
		{79B1195B-15C1-4009-ADE5-29049196AE41} = {3B3D7C4A-1E72-4B6A-B07F-1EC0B44F5BA3}
		{B4E69D3F-579D-47C7-9003-4D84D8886AE7} = {3B3D7C4A-1E72-4B6A-B07F-1EC0B44F5BA3}
		{64DD4DAA-91CC-44AF-A7EF-32236BDB6AF7} = {3B3D7C4A-1E72-4B6A-B07F-1EC0B44F5BA3}
		{91F5CCB6-9FB1-4068-AA72-B620560C9F73} = {3B3D7C4A-1E72-4B6A-B07F-1EC0B44F5BA3}
		{69D11BED-94C3-4857-B30F-38539E9B991A} = {3B3D7C4A-1E72-4B6A-B07F-1EC0B44F5BA3}
		{63B8AFAC-4A95-46EC-9F0A-A7085D11A8C4} = {3503B104-4D53-4E61-8089-7F7D26C5750D}
		{2C15CC56-4BE9-4D7C-B49A-0E8F47C21182} = {3503B104-4D53-4E61-8089-7F7D26C5750D}
		{377E597C-137D-4A4E-8830-12A5529A67C6} = {3503B104-4D53-4E61-8089-7F7D26C5750D}
		{D497DFFD-401D-4843-BE15-711109252F89} = {B4F2E922-03E2-4C9A-BA07-D1DB0BDC777F}
		{1160048D-D824-4C60-92D3-3B9EF262EFAC} = {B4F2E922-03E2-4C9A-BA07-D1DB0BDC777F}
		{511E8AA1-5956-4C15-9045-E8FE4E3C4593} = {B4F2E922-03E2-4C9A-BA07-D1DB0BDC777F}
		{E815C9D4-4010-4237-BF5E-E6C233F98D01} = {B4F2E922-03E2-4C9A-BA07-D1DB0BDC777F}
		{3EBFED2C-97B6-4FA4-BB27-8CA7E2F72637} = {B4F2E922-03E2-4C9A-BA07-D1DB0BDC777F}
		{16FE6095-72F2-464B-8D6D-AACABAE27FFE} = {B4F2E922-03E2-4C9A-BA07-D1DB0BDC777F}
		{4E35E943-7C6A-4FC7-9985-B12327AFAFDC} = {AAA5C038-98BA-48AC-86E7-EFBB29FF0E2F}
		{81F0846B-AFAE-4FBE-B5C6-55B2A1A0C746} = {B89CA5AC-3B77-4509-9B80-E2EA443131C9}
	EndGlobalSection
	GlobalSection(ExtensibilityGlobals) = postSolution
	EndGlobalSection
	GlobalSection(ExtensibilityAddIns) = postSolution
	EndGlobalSection
EndGlobal
